{
  "name": "d3table",
  "version": "0.1.1",
  "lockfileVersion": 1,
  "requires": true,
  "dependencies": {
    "clusterize.js": {
      "version": "git+https://github.com/goulu/Clusterize.js.git#0893ae9333c55fc201a94a6217cb9c06dd875dfc",
      "from": "git+https://github.com/goulu/Clusterize.js.git"
    },
    "d3": {
      "version": "3.5.17",
      "resolved": "https://registry.npmjs.org/d3/-/d3-3.5.17.tgz",
      "integrity": "sha1-vEZ0gAQ3iyGjYMn8fPUjF5B2L7g="
    }
  }
}
